
Microsoft Visual Studio Solution File, Format Version 12.00
# Visual Studio Version 17
VisualStudioVersion = 17.5.33516.290
MinimumVisualStudioVersion = 10.0.40219.1
Project("{FAE04EC0-301F-11D3-BF4B-00C04F79EFBC}") = "Tarefa 4 - verificar instancias", "Tarefa 4 - verificar instancias\Tarefa 4 - verificar instancias.csproj", "{A186934B-80D0-4C7D-92E1-8231FC75A749}"
EndProject
Global
	GlobalSection(SolutionConfigurationPlatforms) = preSolution
		Debug|Any CPU = Debug|Any CPU
		Release|Any CPU = Release|Any CPU
	EndGlobalSection
	GlobalSection(ProjectConfigurationPlatforms) = postSolution
		{A186934B-80D0-4C7D-92E1-8231FC75A749}.Debug|Any CPU.ActiveCfg = Debug|Any CPU
		{A186934B-80D0-4C7D-92E1-8231FC75A749}.Debug|Any CPU.Build.0 = Debug|Any CPU
		{A186934B-80D0-4C7D-92E1-8231FC75A749}.Release|Any CPU.ActiveCfg = Release|Any CPU
		{A186934B-80D0-4C7D-92E1-8231FC75A749}.Release|Any CPU.Build.0 = Release|Any CPU
	EndGlobalSection
	GlobalSection(SolutionProperties) = preSolution
		HideSolutionNode = FALSE
	EndGlobalSection
	GlobalSection(ExtensibilityGlobals) = postSolution
		SolutionGuid = {17A4027E-C360-4723-AC35-19C11440A943}
	EndGlobalSection
EndGlobal
